
Microsoft Visual Studio Solution File, Format Version 12.00
# Visual Studio Version 16
VisualStudioVersion = 16.0.31624.102
MinimumVisualStudioVersion = 10.0.40219.1
Project("{9A19103F-16F7-4668-BE54-9A1E7A4F7556}") = "WpfApp10", "WpfApp10\WpfApp10.csproj", "{4C73D933-1DC5-4651-87F0-7ECC1B77EC89}"
EndProject
Global
	GlobalSection(SolutionConfigurationPlatforms) = preSolution
		Debug|Any CPU = Debug|Any CPU
		Release|Any CPU = Release|Any CPU
	EndGlobalSection
	GlobalSection(ProjectConfigurationPlatforms) = postSolution
		{4C73D933-1DC5-4651-87F0-7ECC1B77EC89}.Debug|Any CPU.ActiveCfg = Debug|Any CPU
		{4C73D933-1DC5-4651-87F0-7ECC1B77EC89}.Debug|Any CPU.Build.0 = Debug|Any CPU
		{4C73D933-1DC5-4651-87F0-7ECC1B77EC89}.Release|Any CPU.ActiveCfg = Release|Any CPU
		{4C73D933-1DC5-4651-87F0-7ECC1B77EC89}.Release|Any CPU.Build.0 = Release|Any CPU
	EndGlobalSection
	GlobalSection(SolutionProperties) = preSolution
		HideSolutionNode = FALSE
	EndGlobalSection
	GlobalSection(ExtensibilityGlobals) = postSolution
		SolutionGuid = {3853F29B-B079-4967-B2EF-CDA85B7EA0FB}
	EndGlobalSection
EndGlobal
